
Microsoft Visual Studio Solution File, Format Version 12.00
# Visual Studio Version 17
VisualStudioVersion = 17.5.33414.496
MinimumVisualStudioVersion = 10.0.40219.1
Project("{8BC9CEB8-8B4A-11D0-8D11-00A0C91BC942}") = "HelloApp", "HelloApp\HelloApp.vcxproj", "{B64BA625-4C4D-44E1-B71E-6F2ED6EDE2A0}"
EndProject
Project("{9A19103F-16F7-4668-BE54-9A1E7A4F7556}") = "ПЗ.2", "ПЗ.2\ПЗ.2.csproj", "{D0BCD55D-A674-4EE4-BA2E-374E88AE6750}"
EndProject
Project("{9A19103F-16F7-4668-BE54-9A1E7A4F7556}") = "ПЗ.4", "ПЗ.4\ПЗ.4.csproj", "{5328F6D7-FE0F-437F-BABE-E819DD7E4868}"
EndProject
Project("{9A19103F-16F7-4668-BE54-9A1E7A4F7556}") = "ПЗ 3", "ПЗ 3\ПЗ 3.csproj", "{F879E882-F13C-45B0-9998-B2FC4BE7C346}"
EndProject
Project("{FAE04EC0-301F-11D3-BF4B-00C04F79EFBC}") = "NavigationApp ПЗ.6", "NavigationApp ПЗ.6\NavigationApp ПЗ.6.csproj", "{5F5B5AFD-7E74-4BB1-AC28-17F280DB99AE}"
EndProject
Project("{8BC9CEB8-8B4A-11D0-8D11-00A0C91BC942}") = "ПЗ.5", "ПЗ.5\ПЗ.5.vcxproj", "{82834DB8-FD65-4A62-A1F4-843FF9DD6EE9}"
EndProject
Project("{8BC9CEB8-8B4A-11D0-8D11-00A0C91BC942}") = "ПЗ.7", "ПЗ.7\ПЗ.7.vcxproj", "{0A6C13CA-BD92-478D-ACA4-362106B74CA6}"
EndProject
Project("{FAE04EC0-301F-11D3-BF4B-00C04F79EFBC}") = "ПЗ.8", "ПЗ.8\ПЗ.8.csproj", "{3C5E74C1-EB16-40DF-9F11-E7E9998FDB6A}"
EndProject
Project("{FAE04EC0-301F-11D3-BF4B-00C04F79EFBC}") = "ПЗ.9", "ПЗ.9\ПЗ.9.csproj", "{A18062E4-2984-4F43-A263-5B919B82199D}"
EndProject
Project("{9A19103F-16F7-4668-BE54-9A1E7A4F7556}") = "ПЗ.10", "ПЗ.10\ПЗ.10.csproj", "{6E918818-7127-454C-9F1B-EE6A49620138}"
EndProject
Project("{FAE04EC0-301F-11D3-BF4B-00C04F79EFBC}") = "ПЗ.11", "ПЗ.11\ПЗ.11.csproj", "{EEAF9AE0-0EF2-41E8-AB1B-40067D644B02}"
EndProject
Project("{8BC9CEB8-8B4A-11D0-8D11-00A0C91BC942}") = "ПЗ.12", "ПЗ.12\ПЗ.12.vcxproj", "{DF8348A6-8D92-4D41-A24C-3D6FDE0DA1B5}"
EndProject
Project("{8BC9CEB8-8B4A-11D0-8D11-00A0C91BC942}") = "Lib", "Lib\Lib.vcxproj", "{4CEC1C89-B065-4F3E-82D2-19F3155B8418}"
EndProject
Project("{8BC9CEB8-8B4A-11D0-8D11-00A0C91BC942}") = "ПЗ.13", "ПЗ.13\ПЗ.13.vcxproj", "{534A85B7-217C-44A6-90CD-C32E665184C6}"
EndProject
Project("{8BC9CEB8-8B4A-11D0-8D11-00A0C91BC942}") = "ПЗ_13(продолжение)", "ПЗ_13(продолжение)\ПЗ_13(продолжение).vcxproj", "{AB9AC6BA-F1C2-45BD-8479-70E289EDCA2C}"
EndProject
Project("{8BC9CEB8-8B4A-11D0-8D11-00A0C91BC942}") = "ПЗ_14", "ПЗ_14\ПЗ_14.vcxproj", "{87B8FC5A-6921-4335-BFDF-B30968865987}"
EndProject
Project("{8BC9CEB8-8B4A-11D0-8D11-00A0C91BC942}") = "ПЗ_15", "ПЗ_15\ПЗ_15.vcxproj", "{0CD5139C-FAF8-472B-B6B9-AD26B6D9494A}"
EndProject
Project("{8BC9CEB8-8B4A-11D0-8D11-00A0C91BC942}") = "ПЗ.16", "ПЗ.16\ПЗ.16.vcxproj", "{05D7E96D-4C5F-4ED5-BE4B-8AAE9FB10A34}"
EndProject
Global
	GlobalSection(SolutionConfigurationPlatforms) = preSolution
		Debug|Any CPU = Debug|Any CPU
		Debug|ARM = Debug|ARM
		Debug|ARM64 = Debug|ARM64
		Debug|x64 = Debug|x64
		Debug|x86 = Debug|x86
		Release|Any CPU = Release|Any CPU
		Release|ARM = Release|ARM
		Release|ARM64 = Release|ARM64
		Release|x64 = Release|x64
		Release|x86 = Release|x86
	EndGlobalSection
	GlobalSection(ProjectConfigurationPlatforms) = postSolution
		{B64BA625-4C4D-44E1-B71E-6F2ED6EDE2A0}.Debug|Any CPU.ActiveCfg = Debug|x64
		{B64BA625-4C4D-44E1-B71E-6F2ED6EDE2A0}.Debug|Any CPU.Build.0 = Debug|x64
		{B64BA625-4C4D-44E1-B71E-6F2ED6EDE2A0}.Debug|ARM.ActiveCfg = Debug|x64
		{B64BA625-4C4D-44E1-B71E-6F2ED6EDE2A0}.Debug|ARM.Build.0 = Debug|x64
		{B64BA625-4C4D-44E1-B71E-6F2ED6EDE2A0}.Debug|ARM64.ActiveCfg = Debug|x64
		{B64BA625-4C4D-44E1-B71E-6F2ED6EDE2A0}.Debug|ARM64.Build.0 = Debug|x64
		{B64BA625-4C4D-44E1-B71E-6F2ED6EDE2A0}.Debug|x64.ActiveCfg = Debug|x64
		{B64BA625-4C4D-44E1-B71E-6F2ED6EDE2A0}.Debug|x64.Build.0 = Debug|x64
		{B64BA625-4C4D-44E1-B71E-6F2ED6EDE2A0}.Debug|x86.ActiveCfg = Debug|Win32
		{B64BA625-4C4D-44E1-B71E-6F2ED6EDE2A0}.Debug|x86.Build.0 = Debug|Win32
		{B64BA625-4C4D-44E1-B71E-6F2ED6EDE2A0}.Release|Any CPU.ActiveCfg = Release|x64
		{B64BA625-4C4D-44E1-B71E-6F2ED6EDE2A0}.Release|Any CPU.Build.0 = Release|x64
		{B64BA625-4C4D-44E1-B71E-6F2ED6EDE2A0}.Release|ARM.ActiveCfg = Release|x64
		{B64BA625-4C4D-44E1-B71E-6F2ED6EDE2A0}.Release|ARM.Build.0 = Release|x64
		{B64BA625-4C4D-44E1-B71E-6F2ED6EDE2A0}.Release|ARM64.ActiveCfg = Release|x64
		{B64BA625-4C4D-44E1-B71E-6F2ED6EDE2A0}.Release|ARM64.Build.0 = Release|x64
		{B64BA625-4C4D-44E1-B71E-6F2ED6EDE2A0}.Release|x64.ActiveCfg = Release|x64
		{B64BA625-4C4D-44E1-B71E-6F2ED6EDE2A0}.Release|x64.Build.0 = Release|x64
		{B64BA625-4C4D-44E1-B71E-6F2ED6EDE2A0}.Release|x86.ActiveCfg = Release|Win32
		{B64BA625-4C4D-44E1-B71E-6F2ED6EDE2A0}.Release|x86.Build.0 = Release|Win32
		{D0BCD55D-A674-4EE4-BA2E-374E88AE6750}.Debug|Any CPU.ActiveCfg = Debug|Any CPU
		{D0BCD55D-A674-4EE4-BA2E-374E88AE6750}.Debug|Any CPU.Build.0 = Debug|Any CPU
		{D0BCD55D-A674-4EE4-BA2E-374E88AE6750}.Debug|ARM.ActiveCfg = Debug|Any CPU
		{D0BCD55D-A674-4EE4-BA2E-374E88AE6750}.Debug|ARM.Build.0 = Debug|Any CPU
		{D0BCD55D-A674-4EE4-BA2E-374E88AE6750}.Debug|ARM64.ActiveCfg = Debug|Any CPU
		{D0BCD55D-A674-4EE4-BA2E-374E88AE6750}.Debug|ARM64.Build.0 = Debug|Any CPU
		{D0BCD55D-A674-4EE4-BA2E-374E88AE6750}.Debug|x64.ActiveCfg = Debug|Any CPU
		{D0BCD55D-A674-4EE4-BA2E-374E88AE6750}.Debug|x64.Build.0 = Debug|Any CPU
		{D0BCD55D-A674-4EE4-BA2E-374E88AE6750}.Debug|x86.ActiveCfg = Debug|Any CPU
		{D0BCD55D-A674-4EE4-BA2E-374E88AE6750}.Debug|x86.Build.0 = Debug|Any CPU
		{D0BCD55D-A674-4EE4-BA2E-374E88AE6750}.Release|Any CPU.ActiveCfg = Release|Any CPU
		{D0BCD55D-A674-4EE4-BA2E-374E88AE6750}.Release|Any CPU.Build.0 = Release|Any CPU
		{D0BCD55D-A674-4EE4-BA2E-374E88AE6750}.Release|ARM.ActiveCfg = Release|Any CPU
		{D0BCD55D-A674-4EE4-BA2E-374E88AE6750}.Release|ARM.Build.0 = Release|Any CPU
		{D0BCD55D-A674-4EE4-BA2E-374E88AE6750}.Release|ARM64.ActiveCfg = Release|Any CPU
		{D0BCD55D-A674-4EE4-BA2E-374E88AE6750}.Release|ARM64.Build.0 = Release|Any CPU
		{D0BCD55D-A674-4EE4-BA2E-374E88AE6750}.Release|x64.ActiveCfg = Release|Any CPU
		{D0BCD55D-A674-4EE4-BA2E-374E88AE6750}.Release|x64.Build.0 = Release|Any CPU
		{D0BCD55D-A674-4EE4-BA2E-374E88AE6750}.Release|x86.ActiveCfg = Release|Any CPU
		{D0BCD55D-A674-4EE4-BA2E-374E88AE6750}.Release|x86.Build.0 = Release|Any CPU
		{5328F6D7-FE0F-437F-BABE-E819DD7E4868}.Debug|Any CPU.ActiveCfg = Debug|Any CPU
		{5328F6D7-FE0F-437F-BABE-E819DD7E4868}.Debug|Any CPU.Build.0 = Debug|Any CPU
		{5328F6D7-FE0F-437F-BABE-E819DD7E4868}.Debug|ARM.ActiveCfg = Debug|Any CPU
		{5328F6D7-FE0F-437F-BABE-E819DD7E4868}.Debug|ARM.Build.0 = Debug|Any CPU
		{5328F6D7-FE0F-437F-BABE-E819DD7E4868}.Debug|ARM64.ActiveCfg = Debug|Any CPU
		{5328F6D7-FE0F-437F-BABE-E819DD7E4868}.Debug|ARM64.Build.0 = Debug|Any CPU
		{5328F6D7-FE0F-437F-BABE-E819DD7E4868}.Debug|x64.ActiveCfg = Debug|Any CPU
		{5328F6D7-FE0F-437F-BABE-E819DD7E4868}.Debug|x64.Build.0 = Debug|Any CPU
		{5328F6D7-FE0F-437F-BABE-E819DD7E4868}.Debug|x86.ActiveCfg = Debug|Any CPU
		{5328F6D7-FE0F-437F-BABE-E819DD7E4868}.Debug|x86.Build.0 = Debug|Any CPU
		{5328F6D7-FE0F-437F-BABE-E819DD7E4868}.Release|Any CPU.ActiveCfg = Release|Any CPU
		{5328F6D7-FE0F-437F-BABE-E819DD7E4868}.Release|Any CPU.Build.0 = Release|Any CPU
		{5328F6D7-FE0F-437F-BABE-E819DD7E4868}.Release|ARM.ActiveCfg = Release|Any CPU
		{5328F6D7-FE0F-437F-BABE-E819DD7E4868}.Release|ARM.Build.0 = Release|Any CPU
		{5328F6D7-FE0F-437F-BABE-E819DD7E4868}.Release|ARM64.ActiveCfg = Release|Any CPU
		{5328F6D7-FE0F-437F-BABE-E819DD7E4868}.Release|ARM64.Build.0 = Release|Any CPU
		{5328F6D7-FE0F-437F-BABE-E819DD7E4868}.Release|x64.ActiveCfg = Release|Any CPU
		{5328F6D7-FE0F-437F-BABE-E819DD7E4868}.Release|x64.Build.0 = Release|Any CPU
		{5328F6D7-FE0F-437F-BABE-E819DD7E4868}.Release|x86.ActiveCfg = Release|Any CPU
		{5328F6D7-FE0F-437F-BABE-E819DD7E4868}.Release|x86.Build.0 = Release|Any CPU
		{F879E882-F13C-45B0-9998-B2FC4BE7C346}.Debug|Any CPU.ActiveCfg = Debug|Any CPU
		{F879E882-F13C-45B0-9998-B2FC4BE7C346}.Debug|Any CPU.Build.0 = Debug|Any CPU
		{F879E882-F13C-45B0-9998-B2FC4BE7C346}.Debug|ARM.ActiveCfg = Debug|Any CPU
		{F879E882-F13C-45B0-9998-B2FC4BE7C346}.Debug|ARM.Build.0 = Debug|Any CPU
		{F879E882-F13C-45B0-9998-B2FC4BE7C346}.Debug|ARM64.ActiveCfg = Debug|Any CPU
		{F879E882-F13C-45B0-9998-B2FC4BE7C346}.Debug|ARM64.Build.0 = Debug|Any CPU
		{F879E882-F13C-45B0-9998-B2FC4BE7C346}.Debug|x64.ActiveCfg = Debug|Any CPU
		{F879E882-F13C-45B0-9998-B2FC4BE7C346}.Debug|x64.Build.0 = Debug|Any CPU
		{F879E882-F13C-45B0-9998-B2FC4BE7C346}.Debug|x86.ActiveCfg = Debug|Any CPU
		{F879E882-F13C-45B0-9998-B2FC4BE7C346}.Debug|x86.Build.0 = Debug|Any CPU
		{F879E882-F13C-45B0-9998-B2FC4BE7C346}.Release|Any CPU.ActiveCfg = Release|Any CPU
		{F879E882-F13C-45B0-9998-B2FC4BE7C346}.Release|Any CPU.Build.0 = Release|Any CPU
		{F879E882-F13C-45B0-9998-B2FC4BE7C346}.Release|ARM.ActiveCfg = Release|Any CPU
		{F879E882-F13C-45B0-9998-B2FC4BE7C346}.Release|ARM.Build.0 = Release|Any CPU
		{F879E882-F13C-45B0-9998-B2FC4BE7C346}.Release|ARM64.ActiveCfg = Release|Any CPU
		{F879E882-F13C-45B0-9998-B2FC4BE7C346}.Release|ARM64.Build.0 = Release|Any CPU
		{F879E882-F13C-45B0-9998-B2FC4BE7C346}.Release|x64.ActiveCfg = Release|Any CPU
		{F879E882-F13C-45B0-9998-B2FC4BE7C346}.Release|x64.Build.0 = Release|Any CPU
		{F879E882-F13C-45B0-9998-B2FC4BE7C346}.Release|x86.ActiveCfg = Release|Any CPU
		{F879E882-F13C-45B0-9998-B2FC4BE7C346}.Release|x86.Build.0 = Release|Any CPU
		{5F5B5AFD-7E74-4BB1-AC28-17F280DB99AE}.Debug|Any CPU.ActiveCfg = Debug|x64
		{5F5B5AFD-7E74-4BB1-AC28-17F280DB99AE}.Debug|Any CPU.Build.0 = Debug|x64
		{5F5B5AFD-7E74-4BB1-AC28-17F280DB99AE}.Debug|Any CPU.Deploy.0 = Debug|x64
		{5F5B5AFD-7E74-4BB1-AC28-17F280DB99AE}.Debug|ARM.ActiveCfg = Debug|ARM
		{5F5B5AFD-7E74-4BB1-AC28-17F280DB99AE}.Debug|ARM.Build.0 = Debug|ARM
		{5F5B5AFD-7E74-4BB1-AC28-17F280DB99AE}.Debug|ARM.Deploy.0 = Debug|ARM
		{5F5B5AFD-7E74-4BB1-AC28-17F280DB99AE}.Debug|ARM64.ActiveCfg = Debug|ARM64
		{5F5B5AFD-7E74-4BB1-AC28-17F280DB99AE}.Debug|ARM64.Build.0 = Debug|ARM64
		{5F5B5AFD-7E74-4BB1-AC28-17F280DB99AE}.Debug|ARM64.Deploy.0 = Debug|ARM64
		{5F5B5AFD-7E74-4BB1-AC28-17F280DB99AE}.Debug|x64.ActiveCfg = Debug|x64
		{5F5B5AFD-7E74-4BB1-AC28-17F280DB99AE}.Debug|x64.Build.0 = Debug|x64
		{5F5B5AFD-7E74-4BB1-AC28-17F280DB99AE}.Debug|x64.Deploy.0 = Debug|x64
		{5F5B5AFD-7E74-4BB1-AC28-17F280DB99AE}.Debug|x86.ActiveCfg = Debug|x86
		{5F5B5AFD-7E74-4BB1-AC28-17F280DB99AE}.Debug|x86.Build.0 = Debug|x86
		{5F5B5AFD-7E74-4BB1-AC28-17F280DB99AE}.Debug|x86.Deploy.0 = Debug|x86
		{5F5B5AFD-7E74-4BB1-AC28-17F280DB99AE}.Release|Any CPU.ActiveCfg = Release|x64
		{5F5B5AFD-7E74-4BB1-AC28-17F280DB99AE}.Release|Any CPU.Build.0 = Release|x64
		{5F5B5AFD-7E74-4BB1-AC28-17F280DB99AE}.Release|Any CPU.Deploy.0 = Release|x64
		{5F5B5AFD-7E74-4BB1-AC28-17F280DB99AE}.Release|ARM.ActiveCfg = Release|ARM
		{5F5B5AFD-7E74-4BB1-AC28-17F280DB99AE}.Release|ARM.Build.0 = Release|ARM
		{5F5B5AFD-7E74-4BB1-AC28-17F280DB99AE}.Release|ARM.Deploy.0 = Release|ARM
		{5F5B5AFD-7E74-4BB1-AC28-17F280DB99AE}.Release|ARM64.ActiveCfg = Release|ARM64
		{5F5B5AFD-7E74-4BB1-AC28-17F280DB99AE}.Release|ARM64.Build.0 = Release|ARM64
		{5F5B5AFD-7E74-4BB1-AC28-17F280DB99AE}.Release|ARM64.Deploy.0 = Release|ARM64
		{5F5B5AFD-7E74-4BB1-AC28-17F280DB99AE}.Release|x64.ActiveCfg = Release|x64
		{5F5B5AFD-7E74-4BB1-AC28-17F280DB99AE}.Release|x64.Build.0 = Release|x64
		{5F5B5AFD-7E74-4BB1-AC28-17F280DB99AE}.Release|x64.Deploy.0 = Release|x64
		{5F5B5AFD-7E74-4BB1-AC28-17F280DB99AE}.Release|x86.ActiveCfg = Release|x86
		{5F5B5AFD-7E74-4BB1-AC28-17F280DB99AE}.Release|x86.Build.0 = Release|x86
		{5F5B5AFD-7E74-4BB1-AC28-17F280DB99AE}.Release|x86.Deploy.0 = Release|x86
		{82834DB8-FD65-4A62-A1F4-843FF9DD6EE9}.Debug|Any CPU.ActiveCfg = Debug|x64
		{82834DB8-FD65-4A62-A1F4-843FF9DD6EE9}.Debug|Any CPU.Build.0 = Debug|x64
		{82834DB8-FD65-4A62-A1F4-843FF9DD6EE9}.Debug|ARM.ActiveCfg = Debug|x64
		{82834DB8-FD65-4A62-A1F4-843FF9DD6EE9}.Debug|ARM.Build.0 = Debug|x64
		{82834DB8-FD65-4A62-A1F4-843FF9DD6EE9}.Debug|ARM64.ActiveCfg = Debug|x64
		{82834DB8-FD65-4A62-A1F4-843FF9DD6EE9}.Debug|ARM64.Build.0 = Debug|x64
		{82834DB8-FD65-4A62-A1F4-843FF9DD6EE9}.Debug|x64.ActiveCfg = Debug|x64
		{82834DB8-FD65-4A62-A1F4-843FF9DD6EE9}.Debug|x64.Build.0 = Debug|x64
		{82834DB8-FD65-4A62-A1F4-843FF9DD6EE9}.Debug|x86.ActiveCfg = Debug|Win32
		{82834DB8-FD65-4A62-A1F4-843FF9DD6EE9}.Debug|x86.Build.0 = Debug|Win32
		{82834DB8-FD65-4A62-A1F4-843FF9DD6EE9}.Release|Any CPU.ActiveCfg = Release|x64
		{82834DB8-FD65-4A62-A1F4-843FF9DD6EE9}.Release|Any CPU.Build.0 = Release|x64
		{82834DB8-FD65-4A62-A1F4-843FF9DD6EE9}.Release|ARM.ActiveCfg = Release|x64
		{82834DB8-FD65-4A62-A1F4-843FF9DD6EE9}.Release|ARM.Build.0 = Release|x64
		{82834DB8-FD65-4A62-A1F4-843FF9DD6EE9}.Release|ARM64.ActiveCfg = Release|x64
		{82834DB8-FD65-4A62-A1F4-843FF9DD6EE9}.Release|ARM64.Build.0 = Release|x64
		{82834DB8-FD65-4A62-A1F4-843FF9DD6EE9}.Release|x64.ActiveCfg = Release|x64
		{82834DB8-FD65-4A62-A1F4-843FF9DD6EE9}.Release|x64.Build.0 = Release|x64
		{82834DB8-FD65-4A62-A1F4-843FF9DD6EE9}.Release|x86.ActiveCfg = Release|Win32
		{82834DB8-FD65-4A62-A1F4-843FF9DD6EE9}.Release|x86.Build.0 = Release|Win32
		{0A6C13CA-BD92-478D-ACA4-362106B74CA6}.Debug|Any CPU.ActiveCfg = Debug|x64
		{0A6C13CA-BD92-478D-ACA4-362106B74CA6}.Debug|Any CPU.Build.0 = Debug|x64
		{0A6C13CA-BD92-478D-ACA4-362106B74CA6}.Debug|ARM.ActiveCfg = Debug|x64
		{0A6C13CA-BD92-478D-ACA4-362106B74CA6}.Debug|ARM.Build.0 = Debug|x64
		{0A6C13CA-BD92-478D-ACA4-362106B74CA6}.Debug|ARM64.ActiveCfg = Debug|x64
		{0A6C13CA-BD92-478D-ACA4-362106B74CA6}.Debug|ARM64.Build.0 = Debug|x64
		{0A6C13CA-BD92-478D-ACA4-362106B74CA6}.Debug|x64.ActiveCfg = Debug|x64
		{0A6C13CA-BD92-478D-ACA4-362106B74CA6}.Debug|x64.Build.0 = Debug|x64
		{0A6C13CA-BD92-478D-ACA4-362106B74CA6}.Debug|x86.ActiveCfg = Debug|Win32
		{0A6C13CA-BD92-478D-ACA4-362106B74CA6}.Debug|x86.Build.0 = Debug|Win32
		{0A6C13CA-BD92-478D-ACA4-362106B74CA6}.Release|Any CPU.ActiveCfg = Release|x64
		{0A6C13CA-BD92-478D-ACA4-362106B74CA6}.Release|Any CPU.Build.0 = Release|x64
		{0A6C13CA-BD92-478D-ACA4-362106B74CA6}.Release|ARM.ActiveCfg = Release|x64
		{0A6C13CA-BD92-478D-ACA4-362106B74CA6}.Release|ARM.Build.0 = Release|x64
		{0A6C13CA-BD92-478D-ACA4-362106B74CA6}.Release|ARM64.ActiveCfg = Release|x64
		{0A6C13CA-BD92-478D-ACA4-362106B74CA6}.Release|ARM64.Build.0 = Release|x64
		{0A6C13CA-BD92-478D-ACA4-362106B74CA6}.Release|x64.ActiveCfg = Release|x64
		{0A6C13CA-BD92-478D-ACA4-362106B74CA6}.Release|x64.Build.0 = Release|x64
		{0A6C13CA-BD92-478D-ACA4-362106B74CA6}.Release|x86.ActiveCfg = Release|Win32
		{0A6C13CA-BD92-478D-ACA4-362106B74CA6}.Release|x86.Build.0 = Release|Win32
		{3C5E74C1-EB16-40DF-9F11-E7E9998FDB6A}.Debug|Any CPU.ActiveCfg = Debug|Any CPU
		{3C5E74C1-EB16-40DF-9F11-E7E9998FDB6A}.Debug|Any CPU.Build.0 = Debug|Any CPU
		{3C5E74C1-EB16-40DF-9F11-E7E9998FDB6A}.Debug|ARM.ActiveCfg = Debug|Any CPU
		{3C5E74C1-EB16-40DF-9F11-E7E9998FDB6A}.Debug|ARM.Build.0 = Debug|Any CPU
		{3C5E74C1-EB16-40DF-9F11-E7E9998FDB6A}.Debug|ARM64.ActiveCfg = Debug|Any CPU
		{3C5E74C1-EB16-40DF-9F11-E7E9998FDB6A}.Debug|ARM64.Build.0 = Debug|Any CPU
		{3C5E74C1-EB16-40DF-9F11-E7E9998FDB6A}.Debug|x64.ActiveCfg = Debug|Any CPU
		{3C5E74C1-EB16-40DF-9F11-E7E9998FDB6A}.Debug|x64.Build.0 = Debug|Any CPU
		{3C5E74C1-EB16-40DF-9F11-E7E9998FDB6A}.Debug|x86.ActiveCfg = Debug|Any CPU
		{3C5E74C1-EB16-40DF-9F11-E7E9998FDB6A}.Debug|x86.Build.0 = Debug|Any CPU
		{3C5E74C1-EB16-40DF-9F11-E7E9998FDB6A}.Release|Any CPU.ActiveCfg = Release|Any CPU
		{3C5E74C1-EB16-40DF-9F11-E7E9998FDB6A}.Release|Any CPU.Build.0 = Release|Any CPU
		{3C5E74C1-EB16-40DF-9F11-E7E9998FDB6A}.Release|ARM.ActiveCfg = Release|Any CPU
		{3C5E74C1-EB16-40DF-9F11-E7E9998FDB6A}.Release|ARM.Build.0 = Release|Any CPU
		{3C5E74C1-EB16-40DF-9F11-E7E9998FDB6A}.Release|ARM64.ActiveCfg = Release|Any CPU
		{3C5E74C1-EB16-40DF-9F11-E7E9998FDB6A}.Release|ARM64.Build.0 = Release|Any CPU
		{3C5E74C1-EB16-40DF-9F11-E7E9998FDB6A}.Release|x64.ActiveCfg = Release|Any CPU
		{3C5E74C1-EB16-40DF-9F11-E7E9998FDB6A}.Release|x64.Build.0 = Release|Any CPU
		{3C5E74C1-EB16-40DF-9F11-E7E9998FDB6A}.Release|x86.ActiveCfg = Release|Any CPU
		{3C5E74C1-EB16-40DF-9F11-E7E9998FDB6A}.Release|x86.Build.0 = Release|Any CPU
		{A18062E4-2984-4F43-A263-5B919B82199D}.Debug|Any CPU.ActiveCfg = Debug|Any CPU
		{A18062E4-2984-4F43-A263-5B919B82199D}.Debug|Any CPU.Build.0 = Debug|Any CPU
		{A18062E4-2984-4F43-A263-5B919B82199D}.Debug|ARM.ActiveCfg = Debug|Any CPU
		{A18062E4-2984-4F43-A263-5B919B82199D}.Debug|ARM.Build.0 = Debug|Any CPU
		{A18062E4-2984-4F43-A263-5B919B82199D}.Debug|ARM64.ActiveCfg = Debug|Any CPU
		{A18062E4-2984-4F43-A263-5B919B82199D}.Debug|ARM64.Build.0 = Debug|Any CPU
		{A18062E4-2984-4F43-A263-5B919B82199D}.Debug|x64.ActiveCfg = Debug|Any CPU
		{A18062E4-2984-4F43-A263-5B919B82199D}.Debug|x64.Build.0 = Debug|Any CPU
		{A18062E4-2984-4F43-A263-5B919B82199D}.Debug|x86.ActiveCfg = Debug|Any CPU
		{A18062E4-2984-4F43-A263-5B919B82199D}.Debug|x86.Build.0 = Debug|Any CPU
		{A18062E4-2984-4F43-A263-5B919B82199D}.Release|Any CPU.ActiveCfg = Release|Any CPU
		{A18062E4-2984-4F43-A263-5B919B82199D}.Release|Any CPU.Build.0 = Release|Any CPU
		{A18062E4-2984-4F43-A263-5B919B82199D}.Release|ARM.ActiveCfg = Release|Any CPU
		{A18062E4-2984-4F43-A263-5B919B82199D}.Release|ARM.Build.0 = Release|Any CPU
		{A18062E4-2984-4F43-A263-5B919B82199D}.Release|ARM64.ActiveCfg = Release|Any CPU
		{A18062E4-2984-4F43-A263-5B919B82199D}.Release|ARM64.Build.0 = Release|Any CPU
		{A18062E4-2984-4F43-A263-5B919B82199D}.Release|x64.ActiveCfg = Release|Any CPU
		{A18062E4-2984-4F43-A263-5B919B82199D}.Release|x64.Build.0 = Release|Any CPU
		{A18062E4-2984-4F43-A263-5B919B82199D}.Release|x86.ActiveCfg = Release|Any CPU
		{A18062E4-2984-4F43-A263-5B919B82199D}.Release|x86.Build.0 = Release|Any CPU
		{6E918818-7127-454C-9F1B-EE6A49620138}.Debug|Any CPU.ActiveCfg = Debug|Any CPU
		{6E918818-7127-454C-9F1B-EE6A49620138}.Debug|Any CPU.Build.0 = Debug|Any CPU
		{6E918818-7127-454C-9F1B-EE6A49620138}.Debug|ARM.ActiveCfg = Debug|Any CPU
		{6E918818-7127-454C-9F1B-EE6A49620138}.Debug|ARM.Build.0 = Debug|Any CPU
		{6E918818-7127-454C-9F1B-EE6A49620138}.Debug|ARM64.ActiveCfg = Debug|Any CPU
		{6E918818-7127-454C-9F1B-EE6A49620138}.Debug|ARM64.Build.0 = Debug|Any CPU
		{6E918818-7127-454C-9F1B-EE6A49620138}.Debug|x64.ActiveCfg = Debug|Any CPU
		{6E918818-7127-454C-9F1B-EE6A49620138}.Debug|x64.Build.0 = Debug|Any CPU
		{6E918818-7127-454C-9F1B-EE6A49620138}.Debug|x86.ActiveCfg = Debug|Any CPU
		{6E918818-7127-454C-9F1B-EE6A49620138}.Debug|x86.Build.0 = Debug|Any CPU
		{6E918818-7127-454C-9F1B-EE6A49620138}.Release|Any CPU.ActiveCfg = Release|Any CPU
		{6E918818-7127-454C-9F1B-EE6A49620138}.Release|Any CPU.Build.0 = Release|Any CPU
		{6E918818-7127-454C-9F1B-EE6A49620138}.Release|ARM.ActiveCfg = Release|Any CPU
		{6E918818-7127-454C-9F1B-EE6A49620138}.Release|ARM.Build.0 = Release|Any CPU
		{6E918818-7127-454C-9F1B-EE6A49620138}.Release|ARM64.ActiveCfg = Release|Any CPU
		{6E918818-7127-454C-9F1B-EE6A49620138}.Release|ARM64.Build.0 = Release|Any CPU
		{6E918818-7127-454C-9F1B-EE6A49620138}.Release|x64.ActiveCfg = Release|Any CPU
		{6E918818-7127-454C-9F1B-EE6A49620138}.Release|x64.Build.0 = Release|Any CPU
		{6E918818-7127-454C-9F1B-EE6A49620138}.Release|x86.ActiveCfg = Release|Any CPU
		{6E918818-7127-454C-9F1B-EE6A49620138}.Release|x86.Build.0 = Release|Any CPU
		{EEAF9AE0-0EF2-41E8-AB1B-40067D644B02}.Debug|Any CPU.ActiveCfg = Debug|Any CPU
		{EEAF9AE0-0EF2-41E8-AB1B-40067D644B02}.Debug|Any CPU.Build.0 = Debug|Any CPU
		{EEAF9AE0-0EF2-41E8-AB1B-40067D644B02}.Debug|ARM.ActiveCfg = Debug|Any CPU
		{EEAF9AE0-0EF2-41E8-AB1B-40067D644B02}.Debug|ARM.Build.0 = Debug|Any CPU
		{EEAF9AE0-0EF2-41E8-AB1B-40067D644B02}.Debug|ARM64.ActiveCfg = Debug|Any CPU
		{EEAF9AE0-0EF2-41E8-AB1B-40067D644B02}.Debug|ARM64.Build.0 = Debug|Any CPU
		{EEAF9AE0-0EF2-41E8-AB1B-40067D644B02}.Debug|x64.ActiveCfg = Debug|Any CPU
		{EEAF9AE0-0EF2-41E8-AB1B-40067D644B02}.Debug|x64.Build.0 = Debug|Any CPU
		{EEAF9AE0-0EF2-41E8-AB1B-40067D644B02}.Debug|x86.ActiveCfg = Debug|Any CPU
		{EEAF9AE0-0EF2-41E8-AB1B-40067D644B02}.Debug|x86.Build.0 = Debug|Any CPU
		{EEAF9AE0-0EF2-41E8-AB1B-40067D644B02}.Release|Any CPU.ActiveCfg = Release|Any CPU
		{EEAF9AE0-0EF2-41E8-AB1B-40067D644B02}.Release|Any CPU.Build.0 = Release|Any CPU
		{EEAF9AE0-0EF2-41E8-AB1B-40067D644B02}.Release|ARM.ActiveCfg = Release|Any CPU
		{EEAF9AE0-0EF2-41E8-AB1B-40067D644B02}.Release|ARM.Build.0 = Release|Any CPU
		{EEAF9AE0-0EF2-41E8-AB1B-40067D644B02}.Release|ARM64.ActiveCfg = Release|Any CPU
		{EEAF9AE0-0EF2-41E8-AB1B-40067D644B02}.Release|ARM64.Build.0 = Release|Any CPU
		{EEAF9AE0-0EF2-41E8-AB1B-40067D644B02}.Release|x64.ActiveCfg = Release|Any CPU
		{EEAF9AE0-0EF2-41E8-AB1B-40067D644B02}.Release|x64.Build.0 = Release|Any CPU
		{EEAF9AE0-0EF2-41E8-AB1B-40067D644B02}.Release|x86.ActiveCfg = Release|Any CPU
		{EEAF9AE0-0EF2-41E8-AB1B-40067D644B02}.Release|x86.Build.0 = Release|Any CPU
		{DF8348A6-8D92-4D41-A24C-3D6FDE0DA1B5}.Debug|Any CPU.ActiveCfg = Debug|x64
		{DF8348A6-8D92-4D41-A24C-3D6FDE0DA1B5}.Debug|Any CPU.Build.0 = Debug|x64
		{DF8348A6-8D92-4D41-A24C-3D6FDE0DA1B5}.Debug|ARM.ActiveCfg = Debug|x64
		{DF8348A6-8D92-4D41-A24C-3D6FDE0DA1B5}.Debug|ARM.Build.0 = Debug|x64
		{DF8348A6-8D92-4D41-A24C-3D6FDE0DA1B5}.Debug|ARM64.ActiveCfg = Debug|x64
		{DF8348A6-8D92-4D41-A24C-3D6FDE0DA1B5}.Debug|ARM64.Build.0 = Debug|x64
		{DF8348A6-8D92-4D41-A24C-3D6FDE0DA1B5}.Debug|x64.ActiveCfg = Debug|x64
		{DF8348A6-8D92-4D41-A24C-3D6FDE0DA1B5}.Debug|x64.Build.0 = Debug|x64
		{DF8348A6-8D92-4D41-A24C-3D6FDE0DA1B5}.Debug|x86.ActiveCfg = Debug|Win32
		{DF8348A6-8D92-4D41-A24C-3D6FDE0DA1B5}.Debug|x86.Build.0 = Debug|Win32
		{DF8348A6-8D92-4D41-A24C-3D6FDE0DA1B5}.Release|Any CPU.ActiveCfg = Release|x64
		{DF8348A6-8D92-4D41-A24C-3D6FDE0DA1B5}.Release|Any CPU.Build.0 = Release|x64
		{DF8348A6-8D92-4D41-A24C-3D6FDE0DA1B5}.Release|ARM.ActiveCfg = Release|x64
		{DF8348A6-8D92-4D41-A24C-3D6FDE0DA1B5}.Release|ARM.Build.0 = Release|x64
		{DF8348A6-8D92-4D41-A24C-3D6FDE0DA1B5}.Release|ARM64.ActiveCfg = Release|x64
		{DF8348A6-8D92-4D41-A24C-3D6FDE0DA1B5}.Release|ARM64.Build.0 = Release|x64
		{DF8348A6-8D92-4D41-A24C-3D6FDE0DA1B5}.Release|x64.ActiveCfg = Release|x64
		{DF8348A6-8D92-4D41-A24C-3D6FDE0DA1B5}.Release|x64.Build.0 = Release|x64
		{DF8348A6-8D92-4D41-A24C-3D6FDE0DA1B5}.Release|x86.ActiveCfg = Release|Win32
		{DF8348A6-8D92-4D41-A24C-3D6FDE0DA1B5}.Release|x86.Build.0 = Release|Win32
		{4CEC1C89-B065-4F3E-82D2-19F3155B8418}.Debug|Any CPU.ActiveCfg = Debug|x64
		{4CEC1C89-B065-4F3E-82D2-19F3155B8418}.Debug|Any CPU.Build.0 = Debug|x64
		{4CEC1C89-B065-4F3E-82D2-19F3155B8418}.Debug|ARM.ActiveCfg = Debug|x64
		{4CEC1C89-B065-4F3E-82D2-19F3155B8418}.Debug|ARM.Build.0 = Debug|x64
		{4CEC1C89-B065-4F3E-82D2-19F3155B8418}.Debug|ARM64.ActiveCfg = Debug|x64
		{4CEC1C89-B065-4F3E-82D2-19F3155B8418}.Debug|ARM64.Build.0 = Debug|x64
		{4CEC1C89-B065-4F3E-82D2-19F3155B8418}.Debug|x64.ActiveCfg = Debug|x64
		{4CEC1C89-B065-4F3E-82D2-19F3155B8418}.Debug|x64.Build.0 = Debug|x64
		{4CEC1C89-B065-4F3E-82D2-19F3155B8418}.Debug|x86.ActiveCfg = Debug|Win32
		{4CEC1C89-B065-4F3E-82D2-19F3155B8418}.Debug|x86.Build.0 = Debug|Win32
		{4CEC1C89-B065-4F3E-82D2-19F3155B8418}.Release|Any CPU.ActiveCfg = Release|x64
		{4CEC1C89-B065-4F3E-82D2-19F3155B8418}.Release|Any CPU.Build.0 = Release|x64
		{4CEC1C89-B065-4F3E-82D2-19F3155B8418}.Release|ARM.ActiveCfg = Release|x64
		{4CEC1C89-B065-4F3E-82D2-19F3155B8418}.Release|ARM.Build.0 = Release|x64
		{4CEC1C89-B065-4F3E-82D2-19F3155B8418}.Release|ARM64.ActiveCfg = Release|x64
		{4CEC1C89-B065-4F3E-82D2-19F3155B8418}.Release|ARM64.Build.0 = Release|x64
		{4CEC1C89-B065-4F3E-82D2-19F3155B8418}.Release|x64.ActiveCfg = Release|x64
		{4CEC1C89-B065-4F3E-82D2-19F3155B8418}.Release|x64.Build.0 = Release|x64
		{4CEC1C89-B065-4F3E-82D2-19F3155B8418}.Release|x86.ActiveCfg = Release|Win32
		{4CEC1C89-B065-4F3E-82D2-19F3155B8418}.Release|x86.Build.0 = Release|Win32
		{534A85B7-217C-44A6-90CD-C32E665184C6}.Debug|Any CPU.ActiveCfg = Debug|x64
		{534A85B7-217C-44A6-90CD-C32E665184C6}.Debug|Any CPU.Build.0 = Debug|x64
		{534A85B7-217C-44A6-90CD-C32E665184C6}.Debug|ARM.ActiveCfg = Debug|x64
		{534A85B7-217C-44A6-90CD-C32E665184C6}.Debug|ARM.Build.0 = Debug|x64
		{534A85B7-217C-44A6-90CD-C32E665184C6}.Debug|ARM64.ActiveCfg = Debug|x64
		{534A85B7-217C-44A6-90CD-C32E665184C6}.Debug|ARM64.Build.0 = Debug|x64
		{534A85B7-217C-44A6-90CD-C32E665184C6}.Debug|x64.ActiveCfg = Debug|x64
		{534A85B7-217C-44A6-90CD-C32E665184C6}.Debug|x64.Build.0 = Debug|x64
		{534A85B7-217C-44A6-90CD-C32E665184C6}.Debug|x86.ActiveCfg = Debug|Win32
		{534A85B7-217C-44A6-90CD-C32E665184C6}.Debug|x86.Build.0 = Debug|Win32
		{534A85B7-217C-44A6-90CD-C32E665184C6}.Release|Any CPU.ActiveCfg = Release|x64
		{534A85B7-217C-44A6-90CD-C32E665184C6}.Release|Any CPU.Build.0 = Release|x64
		{534A85B7-217C-44A6-90CD-C32E665184C6}.Release|ARM.ActiveCfg = Release|x64
		{534A85B7-217C-44A6-90CD-C32E665184C6}.Release|ARM.Build.0 = Release|x64
		{534A85B7-217C-44A6-90CD-C32E665184C6}.Release|ARM64.ActiveCfg = Release|x64
		{534A85B7-217C-44A6-90CD-C32E665184C6}.Release|ARM64.Build.0 = Release|x64
		{534A85B7-217C-44A6-90CD-C32E665184C6}.Release|x64.ActiveCfg = Release|x64
		{534A85B7-217C-44A6-90CD-C32E665184C6}.Release|x64.Build.0 = Release|x64
		{534A85B7-217C-44A6-90CD-C32E665184C6}.Release|x86.ActiveCfg = Release|Win32
		{534A85B7-217C-44A6-90CD-C32E665184C6}.Release|x86.Build.0 = Release|Win32
		{AB9AC6BA-F1C2-45BD-8479-70E289EDCA2C}.Debug|Any CPU.ActiveCfg = Debug|x64
		{AB9AC6BA-F1C2-45BD-8479-70E289EDCA2C}.Debug|Any CPU.Build.0 = Debug|x64
		{AB9AC6BA-F1C2-45BD-8479-70E289EDCA2C}.Debug|ARM.ActiveCfg = Debug|x64
		{AB9AC6BA-F1C2-45BD-8479-70E289EDCA2C}.Debug|ARM.Build.0 = Debug|x64
		{AB9AC6BA-F1C2-45BD-8479-70E289EDCA2C}.Debug|ARM64.ActiveCfg = Debug|x64
		{AB9AC6BA-F1C2-45BD-8479-70E289EDCA2C}.Debug|ARM64.Build.0 = Debug|x64
		{AB9AC6BA-F1C2-45BD-8479-70E289EDCA2C}.Debug|x64.ActiveCfg = Debug|x64
		{AB9AC6BA-F1C2-45BD-8479-70E289EDCA2C}.Debug|x64.Build.0 = Debug|x64
		{AB9AC6BA-F1C2-45BD-8479-70E289EDCA2C}.Debug|x86.ActiveCfg = Debug|Win32
		{AB9AC6BA-F1C2-45BD-8479-70E289EDCA2C}.Debug|x86.Build.0 = Debug|Win32
		{AB9AC6BA-F1C2-45BD-8479-70E289EDCA2C}.Release|Any CPU.ActiveCfg = Release|x64
		{AB9AC6BA-F1C2-45BD-8479-70E289EDCA2C}.Release|Any CPU.Build.0 = Release|x64
		{AB9AC6BA-F1C2-45BD-8479-70E289EDCA2C}.Release|ARM.ActiveCfg = Release|x64
		{AB9AC6BA-F1C2-45BD-8479-70E289EDCA2C}.Release|ARM.Build.0 = Release|x64
		{AB9AC6BA-F1C2-45BD-8479-70E289EDCA2C}.Release|ARM64.ActiveCfg = Release|x64
		{AB9AC6BA-F1C2-45BD-8479-70E289EDCA2C}.Release|ARM64.Build.0 = Release|x64
		{AB9AC6BA-F1C2-45BD-8479-70E289EDCA2C}.Release|x64.ActiveCfg = Release|x64
		{AB9AC6BA-F1C2-45BD-8479-70E289EDCA2C}.Release|x64.Build.0 = Release|x64
		{AB9AC6BA-F1C2-45BD-8479-70E289EDCA2C}.Release|x86.ActiveCfg = Release|Win32
		{AB9AC6BA-F1C2-45BD-8479-70E289EDCA2C}.Release|x86.Build.0 = Release|Win32
		{87B8FC5A-6921-4335-BFDF-B30968865987}.Debug|Any CPU.ActiveCfg = Debug|x64
		{87B8FC5A-6921-4335-BFDF-B30968865987}.Debug|Any CPU.Build.0 = Debug|x64
		{87B8FC5A-6921-4335-BFDF-B30968865987}.Debug|ARM.ActiveCfg = Debug|x64
		{87B8FC5A-6921-4335-BFDF-B30968865987}.Debug|ARM.Build.0 = Debug|x64
		{87B8FC5A-6921-4335-BFDF-B30968865987}.Debug|ARM64.ActiveCfg = Debug|x64
		{87B8FC5A-6921-4335-BFDF-B30968865987}.Debug|ARM64.Build.0 = Debug|x64
		{87B8FC5A-6921-4335-BFDF-B30968865987}.Debug|x64.ActiveCfg = Debug|x64
		{87B8FC5A-6921-4335-BFDF-B30968865987}.Debug|x64.Build.0 = Debug|x64
		{87B8FC5A-6921-4335-BFDF-B30968865987}.Debug|x86.ActiveCfg = Debug|Win32
		{87B8FC5A-6921-4335-BFDF-B30968865987}.Debug|x86.Build.0 = Debug|Win32
		{87B8FC5A-6921-4335-BFDF-B30968865987}.Release|Any CPU.ActiveCfg = Release|x64
		{87B8FC5A-6921-4335-BFDF-B30968865987}.Release|Any CPU.Build.0 = Release|x64
		{87B8FC5A-6921-4335-BFDF-B30968865987}.Release|ARM.ActiveCfg = Release|x64
		{87B8FC5A-6921-4335-BFDF-B30968865987}.Release|ARM.Build.0 = Release|x64
		{87B8FC5A-6921-4335-BFDF-B30968865987}.Release|ARM64.ActiveCfg = Release|x64
		{87B8FC5A-6921-4335-BFDF-B30968865987}.Release|ARM64.Build.0 = Release|x64
		{87B8FC5A-6921-4335-BFDF-B30968865987}.Release|x64.ActiveCfg = Release|x64
		{87B8FC5A-6921-4335-BFDF-B30968865987}.Release|x64.Build.0 = Release|x64
		{87B8FC5A-6921-4335-BFDF-B30968865987}.Release|x86.ActiveCfg = Release|Win32
		{87B8FC5A-6921-4335-BFDF-B30968865987}.Release|x86.Build.0 = Release|Win32
		{0CD5139C-FAF8-472B-B6B9-AD26B6D9494A}.Debug|Any CPU.ActiveCfg = Debug|x64
		{0CD5139C-FAF8-472B-B6B9-AD26B6D9494A}.Debug|Any CPU.Build.0 = Debug|x64
		{0CD5139C-FAF8-472B-B6B9-AD26B6D9494A}.Debug|ARM.ActiveCfg = Debug|x64
		{0CD5139C-FAF8-472B-B6B9-AD26B6D9494A}.Debug|ARM.Build.0 = Debug|x64
		{0CD5139C-FAF8-472B-B6B9-AD26B6D9494A}.Debug|ARM64.ActiveCfg = Debug|x64
		{0CD5139C-FAF8-472B-B6B9-AD26B6D9494A}.Debug|ARM64.Build.0 = Debug|x64
		{0CD5139C-FAF8-472B-B6B9-AD26B6D9494A}.Debug|x64.ActiveCfg = Debug|x64
		{0CD5139C-FAF8-472B-B6B9-AD26B6D9494A}.Debug|x64.Build.0 = Debug|x64
		{0CD5139C-FAF8-472B-B6B9-AD26B6D9494A}.Debug|x86.ActiveCfg = Debug|Win32
		{0CD5139C-FAF8-472B-B6B9-AD26B6D9494A}.Debug|x86.Build.0 = Debug|Win32
		{0CD5139C-FAF8-472B-B6B9-AD26B6D9494A}.Release|Any CPU.ActiveCfg = Release|x64
		{0CD5139C-FAF8-472B-B6B9-AD26B6D9494A}.Release|Any CPU.Build.0 = Release|x64
		{0CD5139C-FAF8-472B-B6B9-AD26B6D9494A}.Release|ARM.ActiveCfg = Release|x64
		{0CD5139C-FAF8-472B-B6B9-AD26B6D9494A}.Release|ARM.Build.0 = Release|x64
		{0CD5139C-FAF8-472B-B6B9-AD26B6D9494A}.Release|ARM64.ActiveCfg = Release|x64
		{0CD5139C-FAF8-472B-B6B9-AD26B6D9494A}.Release|ARM64.Build.0 = Release|x64
		{0CD5139C-FAF8-472B-B6B9-AD26B6D9494A}.Release|x64.ActiveCfg = Release|x64
		{0CD5139C-FAF8-472B-B6B9-AD26B6D9494A}.Release|x64.Build.0 = Release|x64
		{0CD5139C-FAF8-472B-B6B9-AD26B6D9494A}.Release|x86.ActiveCfg = Release|Win32
		{0CD5139C-FAF8-472B-B6B9-AD26B6D9494A}.Release|x86.Build.0 = Release|Win32
		{05D7E96D-4C5F-4ED5-BE4B-8AAE9FB10A34}.Debug|Any CPU.ActiveCfg = Debug|x64
		{05D7E96D-4C5F-4ED5-BE4B-8AAE9FB10A34}.Debug|Any CPU.Build.0 = Debug|x64
		{05D7E96D-4C5F-4ED5-BE4B-8AAE9FB10A34}.Debug|ARM.ActiveCfg = Debug|x64
		{05D7E96D-4C5F-4ED5-BE4B-8AAE9FB10A34}.Debug|ARM.Build.0 = Debug|x64
		{05D7E96D-4C5F-4ED5-BE4B-8AAE9FB10A34}.Debug|ARM64.ActiveCfg = Debug|x64
		{05D7E96D-4C5F-4ED5-BE4B-8AAE9FB10A34}.Debug|ARM64.Build.0 = Debug|x64
		{05D7E96D-4C5F-4ED5-BE4B-8AAE9FB10A34}.Debug|x64.ActiveCfg = Debug|x64
		{05D7E96D-4C5F-4ED5-BE4B-8AAE9FB10A34}.Debug|x64.Build.0 = Debug|x64
		{05D7E96D-4C5F-4ED5-BE4B-8AAE9FB10A34}.Debug|x86.ActiveCfg = Debug|Win32
		{05D7E96D-4C5F-4ED5-BE4B-8AAE9FB10A34}.Debug|x86.Build.0 = Debug|Win32
		{05D7E96D-4C5F-4ED5-BE4B-8AAE9FB10A34}.Release|Any CPU.ActiveCfg = Release|x64
		{05D7E96D-4C5F-4ED5-BE4B-8AAE9FB10A34}.Release|Any CPU.Build.0 = Release|x64
		{05D7E96D-4C5F-4ED5-BE4B-8AAE9FB10A34}.Release|ARM.ActiveCfg = Release|x64
		{05D7E96D-4C5F-4ED5-BE4B-8AAE9FB10A34}.Release|ARM.Build.0 = Release|x64
		{05D7E96D-4C5F-4ED5-BE4B-8AAE9FB10A34}.Release|ARM64.ActiveCfg = Release|x64
		{05D7E96D-4C5F-4ED5-BE4B-8AAE9FB10A34}.Release|ARM64.Build.0 = Release|x64
		{05D7E96D-4C5F-4ED5-BE4B-8AAE9FB10A34}.Release|x64.ActiveCfg = Release|x64
		{05D7E96D-4C5F-4ED5-BE4B-8AAE9FB10A34}.Release|x64.Build.0 = Release|x64
		{05D7E96D-4C5F-4ED5-BE4B-8AAE9FB10A34}.Release|x86.ActiveCfg = Release|Win32
		{05D7E96D-4C5F-4ED5-BE4B-8AAE9FB10A34}.Release|x86.Build.0 = Release|Win32
	EndGlobalSection
	GlobalSection(SolutionProperties) = preSolution
		HideSolutionNode = FALSE
	EndGlobalSection
	GlobalSection(ExtensibilityGlobals) = postSolution
		SolutionGuid = {E7CE7C80-F841-4765-A957-8426FD74D61A}
	EndGlobalSection
EndGlobal
