
Microsoft Visual Studio Solution File, Format Version 12.00
# Visual Studio Version 17
VisualStudioVersion = 17.5.33414.496
MinimumVisualStudioVersion = 10.0.40219.1
Project("{8BC9CEB8-8B4A-11D0-8D11-00A0C91BC942}") = "HelloApp", "HelloApp\HelloApp.vcxproj", "{B64BA625-4C4D-44E1-B71E-6F2ED6EDE2A0}"
EndProject
Project("{9A19103F-16F7-4668-BE54-9A1E7A4F7556}") = "ПЗ.2", "ПЗ.2\ПЗ.2.csproj", "{D0BCD55D-A674-4EE4-BA2E-374E88AE6750}"
EndProject
Project("{9A19103F-16F7-4668-BE54-9A1E7A4F7556}") = "ПЗ.4", "ПЗ.4\ПЗ.4.csproj", "{5328F6D7-FE0F-437F-BABE-E819DD7E4868}"
EndProject
Project("{9A19103F-16F7-4668-BE54-9A1E7A4F7556}") = "ПЗ 3", "ПЗ 3\ПЗ 3.csproj", "{F879E882-F13C-45B0-9998-B2FC4BE7C346}"
EndProject
Project("{FAE04EC0-301F-11D3-BF4B-00C04F79EFBC}") = "NavigationApp ПЗ.6", "NavigationApp ПЗ.6\NavigationApp ПЗ.6.csproj", "{5F5B5AFD-7E74-4BB1-AC28-17F280DB99AE}"
EndProject
Project("{8BC9CEB8-8B4A-11D0-8D11-00A0C91BC942}") = "ПЗ.5", "ПЗ.5\ПЗ.5.vcxproj", "{82834DB8-FD65-4A62-A1F4-843FF9DD6EE9}"
EndProject
Global
	GlobalSection(SolutionConfigurationPlatforms) = preSolution
		Debug|Any CPU = Debug|Any CPU
		Debug|ARM = Debug|ARM
		Debug|ARM64 = Debug|ARM64
		Debug|x64 = Debug|x64
		Debug|x86 = Debug|x86
		Release|Any CPU = Release|Any CPU
		Release|ARM = Release|ARM
		Release|ARM64 = Release|ARM64
		Release|x64 = Release|x64
		Release|x86 = Release|x86
	EndGlobalSection
	GlobalSection(ProjectConfigurationPlatforms) = postSolution
		{B64BA625-4C4D-44E1-B71E-6F2ED6EDE2A0}.Debug|Any CPU.ActiveCfg = Debug|x64
		{B64BA625-4C4D-44E1-B71E-6F2ED6EDE2A0}.Debug|Any CPU.Build.0 = Debug|x64
		{B64BA625-4C4D-44E1-B71E-6F2ED6EDE2A0}.Debug|ARM.ActiveCfg = Debug|x64
		{B64BA625-4C4D-44E1-B71E-6F2ED6EDE2A0}.Debug|ARM.Build.0 = Debug|x64
		{B64BA625-4C4D-44E1-B71E-6F2ED6EDE2A0}.Debug|ARM64.ActiveCfg = Debug|x64
		{B64BA625-4C4D-44E1-B71E-6F2ED6EDE2A0}.Debug|ARM64.Build.0 = Debug|x64
		{B64BA625-4C4D-44E1-B71E-6F2ED6EDE2A0}.Debug|x64.ActiveCfg = Debug|x64
		{B64BA625-4C4D-44E1-B71E-6F2ED6EDE2A0}.Debug|x64.Build.0 = Debug|x64
		{B64BA625-4C4D-44E1-B71E-6F2ED6EDE2A0}.Debug|x86.ActiveCfg = Debug|Win32
		{B64BA625-4C4D-44E1-B71E-6F2ED6EDE2A0}.Debug|x86.Build.0 = Debug|Win32
		{B64BA625-4C4D-44E1-B71E-6F2ED6EDE2A0}.Release|Any CPU.ActiveCfg = Release|x64
		{B64BA625-4C4D-44E1-B71E-6F2ED6EDE2A0}.Release|Any CPU.Build.0 = Release|x64
		{B64BA625-4C4D-44E1-B71E-6F2ED6EDE2A0}.Release|ARM.ActiveCfg = Release|x64
		{B64BA625-4C4D-44E1-B71E-6F2ED6EDE2A0}.Release|ARM.Build.0 = Release|x64
		{B64BA625-4C4D-44E1-B71E-6F2ED6EDE2A0}.Release|ARM64.ActiveCfg = Release|x64
		{B64BA625-4C4D-44E1-B71E-6F2ED6EDE2A0}.Release|ARM64.Build.0 = Release|x64
		{B64BA625-4C4D-44E1-B71E-6F2ED6EDE2A0}.Release|x64.ActiveCfg = Release|x64
		{B64BA625-4C4D-44E1-B71E-6F2ED6EDE2A0}.Release|x64.Build.0 = Release|x64
		{B64BA625-4C4D-44E1-B71E-6F2ED6EDE2A0}.Release|x86.ActiveCfg = Release|Win32
		{B64BA625-4C4D-44E1-B71E-6F2ED6EDE2A0}.Release|x86.Build.0 = Release|Win32
		{D0BCD55D-A674-4EE4-BA2E-374E88AE6750}.Debug|Any CPU.ActiveCfg = Debug|Any CPU
		{D0BCD55D-A674-4EE4-BA2E-374E88AE6750}.Debug|Any CPU.Build.0 = Debug|Any CPU
		{D0BCD55D-A674-4EE4-BA2E-374E88AE6750}.Debug|ARM.ActiveCfg = Debug|Any CPU
		{D0BCD55D-A674-4EE4-BA2E-374E88AE6750}.Debug|ARM.Build.0 = Debug|Any CPU
		{D0BCD55D-A674-4EE4-BA2E-374E88AE6750}.Debug|ARM64.ActiveCfg = Debug|Any CPU
		{D0BCD55D-A674-4EE4-BA2E-374E88AE6750}.Debug|ARM64.Build.0 = Debug|Any CPU
		{D0BCD55D-A674-4EE4-BA2E-374E88AE6750}.Debug|x64.ActiveCfg = Debug|Any CPU
		{D0BCD55D-A674-4EE4-BA2E-374E88AE6750}.Debug|x64.Build.0 = Debug|Any CPU
		{D0BCD55D-A674-4EE4-BA2E-374E88AE6750}.Debug|x86.ActiveCfg = Debug|Any CPU
		{D0BCD55D-A674-4EE4-BA2E-374E88AE6750}.Debug|x86.Build.0 = Debug|Any CPU
		{D0BCD55D-A674-4EE4-BA2E-374E88AE6750}.Release|Any CPU.ActiveCfg = Release|Any CPU
		{D0BCD55D-A674-4EE4-BA2E-374E88AE6750}.Release|Any CPU.Build.0 = Release|Any CPU
		{D0BCD55D-A674-4EE4-BA2E-374E88AE6750}.Release|ARM.ActiveCfg = Release|Any CPU
		{D0BCD55D-A674-4EE4-BA2E-374E88AE6750}.Release|ARM.Build.0 = Release|Any CPU
		{D0BCD55D-A674-4EE4-BA2E-374E88AE6750}.Release|ARM64.ActiveCfg = Release|Any CPU
		{D0BCD55D-A674-4EE4-BA2E-374E88AE6750}.Release|ARM64.Build.0 = Release|Any CPU
		{D0BCD55D-A674-4EE4-BA2E-374E88AE6750}.Release|x64.ActiveCfg = Release|Any CPU
		{D0BCD55D-A674-4EE4-BA2E-374E88AE6750}.Release|x64.Build.0 = Release|Any CPU
		{D0BCD55D-A674-4EE4-BA2E-374E88AE6750}.Release|x86.ActiveCfg = Release|Any CPU
		{D0BCD55D-A674-4EE4-BA2E-374E88AE6750}.Release|x86.Build.0 = Release|Any CPU
		{5328F6D7-FE0F-437F-BABE-E819DD7E4868}.Debug|Any CPU.ActiveCfg = Debug|Any CPU
		{5328F6D7-FE0F-437F-BABE-E819DD7E4868}.Debug|Any CPU.Build.0 = Debug|Any CPU
		{5328F6D7-FE0F-437F-BABE-E819DD7E4868}.Debug|ARM.ActiveCfg = Debug|Any CPU
		{5328F6D7-FE0F-437F-BABE-E819DD7E4868}.Debug|ARM.Build.0 = Debug|Any CPU
		{5328F6D7-FE0F-437F-BABE-E819DD7E4868}.Debug|ARM64.ActiveCfg = Debug|Any CPU
		{5328F6D7-FE0F-437F-BABE-E819DD7E4868}.Debug|ARM64.Build.0 = Debug|Any CPU
		{5328F6D7-FE0F-437F-BABE-E819DD7E4868}.Debug|x64.ActiveCfg = Debug|Any CPU
		{5328F6D7-FE0F-437F-BABE-E819DD7E4868}.Debug|x64.Build.0 = Debug|Any CPU
		{5328F6D7-FE0F-437F-BABE-E819DD7E4868}.Debug|x86.ActiveCfg = Debug|Any CPU
		{5328F6D7-FE0F-437F-BABE-E819DD7E4868}.Debug|x86.Build.0 = Debug|Any CPU
		{5328F6D7-FE0F-437F-BABE-E819DD7E4868}.Release|Any CPU.ActiveCfg = Release|Any CPU
		{5328F6D7-FE0F-437F-BABE-E819DD7E4868}.Release|Any CPU.Build.0 = Release|Any CPU
		{5328F6D7-FE0F-437F-BABE-E819DD7E4868}.Release|ARM.ActiveCfg = Release|Any CPU
		{5328F6D7-FE0F-437F-BABE-E819DD7E4868}.Release|ARM.Build.0 = Release|Any CPU
		{5328F6D7-FE0F-437F-BABE-E819DD7E4868}.Release|ARM64.ActiveCfg = Release|Any CPU
		{5328F6D7-FE0F-437F-BABE-E819DD7E4868}.Release|ARM64.Build.0 = Release|Any CPU
		{5328F6D7-FE0F-437F-BABE-E819DD7E4868}.Release|x64.ActiveCfg = Release|Any CPU
		{5328F6D7-FE0F-437F-BABE-E819DD7E4868}.Release|x64.Build.0 = Release|Any CPU
		{5328F6D7-FE0F-437F-BABE-E819DD7E4868}.Release|x86.ActiveCfg = Release|Any CPU
		{5328F6D7-FE0F-437F-BABE-E819DD7E4868}.Release|x86.Build.0 = Release|Any CPU
		{F879E882-F13C-45B0-9998-B2FC4BE7C346}.Debug|Any CPU.ActiveCfg = Debug|Any CPU
		{F879E882-F13C-45B0-9998-B2FC4BE7C346}.Debug|Any CPU.Build.0 = Debug|Any CPU
		{F879E882-F13C-45B0-9998-B2FC4BE7C346}.Debug|ARM.ActiveCfg = Debug|Any CPU
		{F879E882-F13C-45B0-9998-B2FC4BE7C346}.Debug|ARM.Build.0 = Debug|Any CPU
		{F879E882-F13C-45B0-9998-B2FC4BE7C346}.Debug|ARM64.ActiveCfg = Debug|Any CPU
		{F879E882-F13C-45B0-9998-B2FC4BE7C346}.Debug|ARM64.Build.0 = Debug|Any CPU
		{F879E882-F13C-45B0-9998-B2FC4BE7C346}.Debug|x64.ActiveCfg = Debug|Any CPU
		{F879E882-F13C-45B0-9998-B2FC4BE7C346}.Debug|x64.Build.0 = Debug|Any CPU
		{F879E882-F13C-45B0-9998-B2FC4BE7C346}.Debug|x86.ActiveCfg = Debug|Any CPU
		{F879E882-F13C-45B0-9998-B2FC4BE7C346}.Debug|x86.Build.0 = Debug|Any CPU
		{F879E882-F13C-45B0-9998-B2FC4BE7C346}.Release|Any CPU.ActiveCfg = Release|Any CPU
		{F879E882-F13C-45B0-9998-B2FC4BE7C346}.Release|Any CPU.Build.0 = Release|Any CPU
		{F879E882-F13C-45B0-9998-B2FC4BE7C346}.Release|ARM.ActiveCfg = Release|Any CPU
		{F879E882-F13C-45B0-9998-B2FC4BE7C346}.Release|ARM.Build.0 = Release|Any CPU
		{F879E882-F13C-45B0-9998-B2FC4BE7C346}.Release|ARM64.ActiveCfg = Release|Any CPU
		{F879E882-F13C-45B0-9998-B2FC4BE7C346}.Release|ARM64.Build.0 = Release|Any CPU
		{F879E882-F13C-45B0-9998-B2FC4BE7C346}.Release|x64.ActiveCfg = Release|Any CPU
		{F879E882-F13C-45B0-9998-B2FC4BE7C346}.Release|x64.Build.0 = Release|Any CPU
		{F879E882-F13C-45B0-9998-B2FC4BE7C346}.Release|x86.ActiveCfg = Release|Any CPU
		{F879E882-F13C-45B0-9998-B2FC4BE7C346}.Release|x86.Build.0 = Release|Any CPU
		{5F5B5AFD-7E74-4BB1-AC28-17F280DB99AE}.Debug|Any CPU.ActiveCfg = Debug|x64
		{5F5B5AFD-7E74-4BB1-AC28-17F280DB99AE}.Debug|Any CPU.Build.0 = Debug|x64
		{5F5B5AFD-7E74-4BB1-AC28-17F280DB99AE}.Debug|Any CPU.Deploy.0 = Debug|x64
		{5F5B5AFD-7E74-4BB1-AC28-17F280DB99AE}.Debug|ARM.ActiveCfg = Debug|ARM
		{5F5B5AFD-7E74-4BB1-AC28-17F280DB99AE}.Debug|ARM.Build.0 = Debug|ARM
		{5F5B5AFD-7E74-4BB1-AC28-17F280DB99AE}.Debug|ARM.Deploy.0 = Debug|ARM
		{5F5B5AFD-7E74-4BB1-AC28-17F280DB99AE}.Debug|ARM64.ActiveCfg = Debug|ARM64
		{5F5B5AFD-7E74-4BB1-AC28-17F280DB99AE}.Debug|ARM64.Build.0 = Debug|ARM64
		{5F5B5AFD-7E74-4BB1-AC28-17F280DB99AE}.Debug|ARM64.Deploy.0 = Debug|ARM64
		{5F5B5AFD-7E74-4BB1-AC28-17F280DB99AE}.Debug|x64.ActiveCfg = Debug|x64
		{5F5B5AFD-7E74-4BB1-AC28-17F280DB99AE}.Debug|x64.Build.0 = Debug|x64
		{5F5B5AFD-7E74-4BB1-AC28-17F280DB99AE}.Debug|x64.Deploy.0 = Debug|x64
		{5F5B5AFD-7E74-4BB1-AC28-17F280DB99AE}.Debug|x86.ActiveCfg = Debug|x86
		{5F5B5AFD-7E74-4BB1-AC28-17F280DB99AE}.Debug|x86.Build.0 = Debug|x86
		{5F5B5AFD-7E74-4BB1-AC28-17F280DB99AE}.Debug|x86.Deploy.0 = Debug|x86
		{5F5B5AFD-7E74-4BB1-AC28-17F280DB99AE}.Release|Any CPU.ActiveCfg = Release|x64
		{5F5B5AFD-7E74-4BB1-AC28-17F280DB99AE}.Release|Any CPU.Build.0 = Release|x64
		{5F5B5AFD-7E74-4BB1-AC28-17F280DB99AE}.Release|Any CPU.Deploy.0 = Release|x64
		{5F5B5AFD-7E74-4BB1-AC28-17F280DB99AE}.Release|ARM.ActiveCfg = Release|ARM
		{5F5B5AFD-7E74-4BB1-AC28-17F280DB99AE}.Release|ARM.Build.0 = Release|ARM
		{5F5B5AFD-7E74-4BB1-AC28-17F280DB99AE}.Release|ARM.Deploy.0 = Release|ARM
		{5F5B5AFD-7E74-4BB1-AC28-17F280DB99AE}.Release|ARM64.ActiveCfg = Release|ARM64
		{5F5B5AFD-7E74-4BB1-AC28-17F280DB99AE}.Release|ARM64.Build.0 = Release|ARM64
		{5F5B5AFD-7E74-4BB1-AC28-17F280DB99AE}.Release|ARM64.Deploy.0 = Release|ARM64
		{5F5B5AFD-7E74-4BB1-AC28-17F280DB99AE}.Release|x64.ActiveCfg = Release|x64
		{5F5B5AFD-7E74-4BB1-AC28-17F280DB99AE}.Release|x64.Build.0 = Release|x64
		{5F5B5AFD-7E74-4BB1-AC28-17F280DB99AE}.Release|x64.Deploy.0 = Release|x64
		{5F5B5AFD-7E74-4BB1-AC28-17F280DB99AE}.Release|x86.ActiveCfg = Release|x86
		{5F5B5AFD-7E74-4BB1-AC28-17F280DB99AE}.Release|x86.Build.0 = Release|x86
		{5F5B5AFD-7E74-4BB1-AC28-17F280DB99AE}.Release|x86.Deploy.0 = Release|x86
		{82834DB8-FD65-4A62-A1F4-843FF9DD6EE9}.Debug|Any CPU.ActiveCfg = Debug|x64
		{82834DB8-FD65-4A62-A1F4-843FF9DD6EE9}.Debug|Any CPU.Build.0 = Debug|x64
		{82834DB8-FD65-4A62-A1F4-843FF9DD6EE9}.Debug|ARM.ActiveCfg = Debug|x64
		{82834DB8-FD65-4A62-A1F4-843FF9DD6EE9}.Debug|ARM.Build.0 = Debug|x64
		{82834DB8-FD65-4A62-A1F4-843FF9DD6EE9}.Debug|ARM64.ActiveCfg = Debug|x64
		{82834DB8-FD65-4A62-A1F4-843FF9DD6EE9}.Debug|ARM64.Build.0 = Debug|x64
		{82834DB8-FD65-4A62-A1F4-843FF9DD6EE9}.Debug|x64.ActiveCfg = Debug|x64
		{82834DB8-FD65-4A62-A1F4-843FF9DD6EE9}.Debug|x64.Build.0 = Debug|x64
		{82834DB8-FD65-4A62-A1F4-843FF9DD6EE9}.Debug|x86.ActiveCfg = Debug|Win32
		{82834DB8-FD65-4A62-A1F4-843FF9DD6EE9}.Debug|x86.Build.0 = Debug|Win32
		{82834DB8-FD65-4A62-A1F4-843FF9DD6EE9}.Release|Any CPU.ActiveCfg = Release|x64
		{82834DB8-FD65-4A62-A1F4-843FF9DD6EE9}.Release|Any CPU.Build.0 = Release|x64
		{82834DB8-FD65-4A62-A1F4-843FF9DD6EE9}.Release|ARM.ActiveCfg = Release|x64
		{82834DB8-FD65-4A62-A1F4-843FF9DD6EE9}.Release|ARM.Build.0 = Release|x64
		{82834DB8-FD65-4A62-A1F4-843FF9DD6EE9}.Release|ARM64.ActiveCfg = Release|x64
		{82834DB8-FD65-4A62-A1F4-843FF9DD6EE9}.Release|ARM64.Build.0 = Release|x64
		{82834DB8-FD65-4A62-A1F4-843FF9DD6EE9}.Release|x64.ActiveCfg = Release|x64
		{82834DB8-FD65-4A62-A1F4-843FF9DD6EE9}.Release|x64.Build.0 = Release|x64
		{82834DB8-FD65-4A62-A1F4-843FF9DD6EE9}.Release|x86.ActiveCfg = Release|Win32
		{82834DB8-FD65-4A62-A1F4-843FF9DD6EE9}.Release|x86.Build.0 = Release|Win32
	EndGlobalSection
	GlobalSection(SolutionProperties) = preSolution
		HideSolutionNode = FALSE
	EndGlobalSection
	GlobalSection(ExtensibilityGlobals) = postSolution
		SolutionGuid = {E7CE7C80-F841-4765-A957-8426FD74D61A}
	EndGlobalSection
EndGlobal
